# This file is automatically @generated by Cargo.
# It is not intended for manual editing.
version = 3

[[package]]
name = "addr2line"
version = "0.24.1"
source = "registry+https://github.com/rust-lang/crates.io-index"
checksum = "f5fb1d8e4442bd405fdfd1dacb42792696b0cf9cb15882e5d097b742a676d375"
dependencies = [
 "gimli",
]

[[package]]
name = "adler2"
version = "2.0.0"
source = "registry+https://github.com/rust-lang/crates.io-index"
checksum = "512761e0bb2578dd7380c6baaa0f4ce03e84f95e960231d1dec8bf4d7d6e2627"

[[package]]
name = "as-if-std"
version = "0.1.0"
dependencies = [
 "addr2line",
 "cfg-if",
 "libc",
 "miniz_oxide",
 "object",
 "rustc-demangle",
 "ruzstd",
 "windows-targets",
]

[[package]]
name = "backtrace"
version = "0.3.75"
dependencies = [
 "addr2line",
 "cfg-if",
 "cpp_demangle",
 "dylib-dep",
 "libc",
 "libloading",
 "miniz_oxide",
 "object",
 "rustc-demangle",
 "ruzstd",
 "serde",
 "windows-targets",
]

[[package]]
name = "cc"
version = "1.1.22"
source = "registry+https://github.com/rust-lang/crates.io-index"
checksum = "9540e661f81799159abee814118cc139a2004b3a3aa3ea37724a1b66530b90e0"
dependencies = [
 "shlex",
]

[[package]]
name = "cfg-if"
version = "1.0.0"
source = "registry+https://github.com/rust-lang/crates.io-index"
checksum = "baf1de4339761588bc0619e3cbc0120ee582ebb74b53b4efbf79117bd2da40fd"

[[package]]
name = "cpp_demangle"
version = "0.4.4"
source = "registry+https://github.com/rust-lang/crates.io-index"
checksum = "96e58d342ad113c2b878f16d5d034c03be492ae460cdbc02b7f0f2284d310c7d"
dependencies = [
 "cfg-if",
]

[[package]]
name = "cpp_smoke_test"
version = "0.1.0"
dependencies = [
 "backtrace",
 "cc",
]

[[package]]
name = "dylib-dep"
version = "0.1.0"

[[package]]
name = "gimli"
version = "0.31.0"
source = "registry+https://github.com/rust-lang/crates.io-index"
checksum = "32085ea23f3234fc7846555e85283ba4de91e21016dc0455a16286d87a292d64"

[[package]]
name = "libc"
version = "0.2.159"
source = "registry+https://github.com/rust-lang/crates.io-index"
checksum = "561d97a539a36e26a9a5fad1ea11a3039a67714694aaa379433e580854bc3dc5"

[[package]]
name = "libloading"
version = "0.8.5"
source = "registry+https://github.com/rust-lang/crates.io-index"
checksum = "4979f22fdb869068da03c9f7528f8297c6fd2606bc3a4affe42e6a823fdb8da4"
dependencies = [
 "cfg-if",
 "windows-targets",
]

[[package]]
name = "memchr"
version = "2.7.4"
source = "registry+https://github.com/rust-lang/crates.io-index"
checksum = "78ca9ab1a0babb1e7d5695e3530886289c18cf2f87ec19a575a0abdce112e3a3"

[[package]]
name = "miniz_oxide"
version = "0.8.0"
source = "registry+https://github.com/rust-lang/crates.io-index"
checksum = "e2d80299ef12ff69b16a84bb182e3b9df68b5a91574d3d4fa6e41b65deec4df1"
dependencies = [
 "adler2",
]

[[package]]
name = "object"
version = "0.36.4"
source = "registry+https://github.com/rust-lang/crates.io-index"
checksum = "084f1a5821ac4c651660a94a7153d27ac9d8a53736203f58b31945ded098070a"
dependencies = [
 "memchr",
]

[[package]]
name = "proc-macro2"
version = "1.0.86"
source = "registry+https://github.com/rust-lang/crates.io-index"
checksum = "5e719e8df665df0d1c8fbfd238015744736151d4445ec0836b8e628aae103b77"
dependencies = [
 "unicode-ident",
]

[[package]]
name = "quote"
version = "1.0.37"
source = "registry+https://github.com/rust-lang/crates.io-index"
checksum = "b5b9d34b8991d19d98081b46eacdd8eb58c6f2b201139f7c5f643cc155a633af"
dependencies = [
 "proc-macro2",
]

[[package]]
name = "rustc-demangle"
version = "0.1.24"
source = "registry+https://github.com/rust-lang/crates.io-index"
checksum = "719b953e2095829ee67db738b3bfa9fa368c94900df327b3f07fe6e794d2fe1f"

[[package]]
name = "ruzstd"
version = "0.7.3"
source = "registry+https://github.com/rust-lang/crates.io-index"
checksum = "fad02996bfc73da3e301efe90b1837be9ed8f4a462b6ed410aa35d00381de89f"

[[package]]
name = "serde"
version = "1.0.210"
source = "registry+https://github.com/rust-lang/crates.io-index"
checksum = "c8e3592472072e6e22e0a54d5904d9febf8508f65fb8552499a1abc7d1078c3a"
dependencies = [
 "serde_derive",
]

[[package]]
name = "serde_derive"
version = "1.0.210"
source = "registry+https://github.com/rust-lang/crates.io-index"
checksum = "243902eda00fad750862fc144cea25caca5e20d615af0a81bee94ca738f1df1f"
dependencies = [
 "proc-macro2",
 "quote",
 "syn",
]

[[package]]
name = "shlex"
version = "1.3.0"
source = "registry+https://github.com/rust-lang/crates.io-index"
checksum = "0fda2ff0d084019ba4d7c6f371c95d8fd75ce3524c3cb8fb653a3023f6323e64"

[[package]]
name = "syn"
version = "2.0.79"
source = "registry+https://github.com/rust-lang/crates.io-index"
checksum = "89132cd0bf050864e1d38dc3bbc07a0eb8e7530af26344d3d2bbbef83499f590"
dependencies = [
 "proc-macro2",
 "quote",
 "unicode-ident",
]

[[package]]
name = "unicode-ident"
version = "1.0.13"
source = "registry+https://github.com/rust-lang/crates.io-index"
checksum = "e91b56cd4cadaeb79bbf1a5645f6b4f8dc5bde8834ad5894a8db35fda9efa1fe"

[[package]]
name = "windows-targets"
version = "0.52.6"
source = "registry+https://github.com/rust-lang/crates.io-index"
checksum = "9b724f72796e036ab90c1021d4780d4d3d648aca59e491e6b98e725b84e99973"
dependencies = [
 "windows_aarch64_gnullvm",
 "windows_aarch64_msvc",
 "windows_i686_gnu",
 "windows_i686_gnullvm",
 "windows_i686_msvc",
 "windows_x86_64_gnu",
 "windows_x86_64_gnullvm",
 "windows_x86_64_msvc",
]

[[package]]
name = "windows_aarch64_gnullvm"
version = "0.52.6"
source = "registry+https://github.com/rust-lang/crates.io-index"
checksum = "32a4622180e7a0ec044bb555404c800bc9fd9ec262ec147edd5989ccd0c02cd3"

[[package]]
name = "windows_aarch64_msvc"
version = "0.52.6"
source = "registry+https://github.com/rust-lang/crates.io-index"
checksum = "09ec2a7bb152e2252b53fa7803150007879548bc709c039df7627cabbd05d469"

[[package]]
name = "windows_i686_gnu"
version = "0.52.6"
source = "registry+https://github.com/rust-lang/crates.io-index"
checksum = "8e9b5ad5ab802e97eb8e295ac6720e509ee4c243f69d781394014ebfe8bbfa0b"

[[package]]
name = "windows_i686_gnullvm"
version = "0.52.6"
source = "registry+https://github.com/rust-lang/crates.io-index"
checksum = "0eee52d38c090b3caa76c563b86c3a4bd71ef1a819287c19d586d7334ae8ed66"

[[package]]
name = "windows_i686_msvc"
version = "0.52.6"
source = "registry+https://github.com/rust-lang/crates.io-index"
checksum = "240948bc05c5e7c6dabba28bf89d89ffce3e303022809e73deaefe4f6ec56c66"

[[package]]
name = "windows_x86_64_gnu"
version = "0.52.6"
source = "registry+https://github.com/rust-lang/crates.io-index"
checksum = "147a5c80aabfbf0c7d901cb5895d1de30ef2907eb21fbbab29ca94c5b08b1a78"

[[package]]
name = "windows_x86_64_gnullvm"
version = "0.52.6"
source = "registry+https://github.com/rust-lang/crates.io-index"
checksum = "24d5b23dc417412679681396f2b49f3de8c1473deb516bd34410872eff51ed0d"

[[package]]
name = "windows_x86_64_msvc"
version = "0.52.6"
source = "registry+https://github.com/rust-lang/crates.io-index"
checksum = "589f6da84c646204747d1270a2a5661ea66ed1cced2631d546fdfb155959f9ec"
